
Microsoft Visual Studio Solution File, Format Version 12.00
# Visual Studio Version 17
VisualStudioVersion = 17.5.002.0
MinimumVisualStudioVersion = 10.0.40219.1
Project("{9A19103F-16F7-4668-BE54-9A1E7A4F7556}") = "10Heranca", "10Heranca.csproj", "{C4191DC9-892E-44B4-BC08-1F2BA7B51787}"
EndProject
Global
	GlobalSection(SolutionConfigurationPlatforms) = preSolution
		Debug|Any CPU = Debug|Any CPU
		Release|Any CPU = Release|Any CPU
	EndGlobalSection
	GlobalSection(ProjectConfigurationPlatforms) = postSolution
		{C4191DC9-892E-44B4-BC08-1F2BA7B51787}.Debug|Any CPU.ActiveCfg = Debug|Any CPU
		{C4191DC9-892E-44B4-BC08-1F2BA7B51787}.Debug|Any CPU.Build.0 = Debug|Any CPU
		{C4191DC9-892E-44B4-BC08-1F2BA7B51787}.Release|Any CPU.ActiveCfg = Release|Any CPU
		{C4191DC9-892E-44B4-BC08-1F2BA7B51787}.Release|Any CPU.Build.0 = Release|Any CPU
	EndGlobalSection
	GlobalSection(SolutionProperties) = preSolution
		HideSolutionNode = FALSE
	EndGlobalSection
	GlobalSection(ExtensibilityGlobals) = postSolution
		SolutionGuid = {89BFC2EE-9E2A-45D6-AA72-44EA319AE8FD}
	EndGlobalSection
EndGlobal
