
Microsoft Visual Studio Solution File, Format Version 12.00
# Visual Studio Version 17
VisualStudioVersion = 17.5.002.0
MinimumVisualStudioVersion = 10.0.40219.1
Project("{9A19103F-16F7-4668-BE54-9A1E7A4F7556}") = "02Metodos", "02Metodos.csproj", "{4E1F64B5-2205-4384-91D7-60E4869AEF6D}"
EndProject
Global
	GlobalSection(SolutionConfigurationPlatforms) = preSolution
		Debug|Any CPU = Debug|Any CPU
		Release|Any CPU = Release|Any CPU
	EndGlobalSection
	GlobalSection(ProjectConfigurationPlatforms) = postSolution
		{4E1F64B5-2205-4384-91D7-60E4869AEF6D}.Debug|Any CPU.ActiveCfg = Debug|Any CPU
		{4E1F64B5-2205-4384-91D7-60E4869AEF6D}.Debug|Any CPU.Build.0 = Debug|Any CPU
		{4E1F64B5-2205-4384-91D7-60E4869AEF6D}.Release|Any CPU.ActiveCfg = Release|Any CPU
		{4E1F64B5-2205-4384-91D7-60E4869AEF6D}.Release|Any CPU.Build.0 = Release|Any CPU
	EndGlobalSection
	GlobalSection(SolutionProperties) = preSolution
		HideSolutionNode = FALSE
	EndGlobalSection
	GlobalSection(ExtensibilityGlobals) = postSolution
		SolutionGuid = {CEA8EE04-C9A8-47C1-9D4E-23E76DCA749C}
	EndGlobalSection
EndGlobal
